// !$*UTF8*$!
{
	archiveVersion = 1;
	classes = {
	};
	objectVersion = 55;
	objects = {

/* Begin PBXBuildFile section */
		3A0FA3D6BAEC21725DEC0ABF /* Pods_A202FBAu1.framework in Frameworks */ = {isa = PBXBuildFile; fileRef = 3F54B7A956B0051F5FD80C20 /* Pods_A202FBAu1.framework */; };
		BAF5A55027E6C3BD00EEEE3C /* AppDelegate.swift in Sources */ = {isa = PBXBuildFile; fileRef = BAF5A54F27E6C3BD00EEEE3C /* AppDelegate.swift */; };
		BAF5A55227E6C3BD00EEEE3C /* SceneDelegate.swift in Sources */ = {isa = PBXBuildFile; fileRef = BAF5A55127E6C3BD00EEEE3C /* SceneDelegate.swift */; };
		BAF5A55427E6C3BD00EEEE3C /* ViewController.swift in Sources */ = {isa = PBXBuildFile; fileRef = BAF5A55327E6C3BD00EEEE3C /* ViewController.swift */; };
		BAF5A55727E6C3BD00EEEE3C /* Main.storyboard in Resources */ = {isa = PBXBuildFile; fileRef = BAF5A55527E6C3BD00EEEE3C /* Main.storyboard */; };
		BAF5A55927E6C3BD00EEEE3C /* Assets.xcassets in Resources */ = {isa = PBXBuildFile; fileRef = BAF5A55827E6C3BD00EEEE3C /* Assets.xcassets */; };
		BAF5A55C27E6C3BD00EEEE3C /* LaunchScreen.storyboard in Resources */ = {isa = PBXBuildFile; fileRef = BAF5A55A27E6C3BD00EEEE3C /* LaunchScreen.storyboard */; };
		BAF5A56427E6C3CD00EEEE3C /* GoogleService-Info.plist in Resources */ = {isa = PBXBuildFile; fileRef = BAF5A56327E6C3CD00EEEE3C /* GoogleService-Info.plist */; };
/* End PBXBuildFile section */

/* Begin PBXFileReference section */
		3F54B7A956B0051F5FD80C20 /* Pods_A202FBAu1.framework */ = {isa = PBXFileReference; explicitFileType = wrapper.framework; includeInIndex = 0; path = Pods_A202FBAu1.framework; sourceTree = BUILT_PRODUCTS_DIR; };
		6162E660E65B97A60405BC1D /* Pods-A202FBAu1.debug.xcconfig */ = {isa = PBXFileReference; includeInIndex = 1; lastKnownFileType = text.xcconfig; name = "Pods-A202FBAu1.debug.xcconfig"; path = "Target Support Files/Pods-A202FBAu1/Pods-A202FBAu1.debug.xcconfig"; sourceTree = "<group>"; };
		7A6466AF4E859DD49AB866E6 /* Pods-A202FBAu1.release.xcconfig */ = {isa = PBXFileReference; includeInIndex = 1; lastKnownFileType = text.xcconfig; name = "Pods-A202FBAu1.release.xcconfig"; path = "Target Support Files/Pods-A202FBAu1/Pods-A202FBAu1.release.xcconfig"; sourceTree = "<group>"; };
		BAF5A54C27E6C3BD00EEEE3C /* A202FBAu1.app */ = {isa = PBXFileReference; explicitFileType = wrapper.application; includeInIndex = 0; path = A202FBAu1.app; sourceTree = BUILT_PRODUCTS_DIR; };
		BAF5A54F27E6C3BD00EEEE3C /* AppDelegate.swift */ = {isa = PBXFileReference; lastKnownFileType = sourcecode.swift; path = AppDelegate.swift; sourceTree = "<group>"; };
		BAF5A55127E6C3BD00EEEE3C /* SceneDelegate.swift */ = {isa = PBXFileReference; lastKnownFileType = sourcecode.swift; path = SceneDelegate.swift; sourceTree = "<group>"; };
		BAF5A55327E6C3BD00EEEE3C /* ViewController.swift */ = {isa = PBXFileReference; lastKnownFileType = sourcecode.swift; path = ViewController.swift; sourceTree = "<group>"; };
		BAF5A55627E6C3BD00EEEE3C /* Base */ = {isa = PBXFileReference; lastKnownFileType = file.storyboard; name = Base; path = Base.lproj/Main.storyboard; sourceTree = "<group>"; };
		BAF5A55827E6C3BD00EEEE3C /* Assets.xcassets */ = {isa = PBXFileReference; lastKnownFileType = folder.assetcatalog; path = Assets.xcassets; sourceTree = "<group>"; };
		BAF5A55B27E6C3BD00EEEE3C /* Base */ = {isa = PBXFileReference; lastKnownFileType = file.storyboard; name = Base; path = Base.lproj/LaunchScreen.storyboard; sourceTree = "<group>"; };
		BAF5A55D27E6C3BD00EEEE3C /* Info.plist */ = {isa = PBXFileReference; lastKnownFileType = text.plist.xml; path = Info.plist; sourceTree = "<group>"; };
		BAF5A56327E6C3CD00EEEE3C /* GoogleService-Info.plist */ = {isa = PBXFileReference; fileEncoding = 4; lastKnownFileType = text.plist.xml; path = "GoogleService-Info.plist"; sourceTree = "<group>"; };
/* End PBXFileReference section */

/* Begin PBXFrameworksBuildPhase section */
		BAF5A54927E6C3BD00EEEE3C /* Frameworks */ = {
			isa = PBXFrameworksBuildPhase;
			buildActionMask = 2147483647;
			files = (
				3A0FA3D6BAEC21725DEC0ABF /* Pods_A202FBAu1.framework in Frameworks */,
			);
			runOnlyForDeploymentPostprocessing = 0;
		};
/* End PBXFrameworksBuildPhase section */

/* Begin PBXGroup section */
		02FF4B9510891CF08F11D7F8 /* Frameworks */ = {
			isa = PBXGroup;
			children = (
				3F54B7A956B0051F5FD80C20 /* Pods_A202FBAu1.framework */,
			);
			name = Frameworks;
			sourceTree = "<group>";
		};
		6FB667CCF739E1355D95B77E /* Pods */ = {
			isa = PBXGroup;
			children = (
				6162E660E65B97A60405BC1D /* Pods-A202FBAu1.debug.xcconfig */,
				7A6466AF4E859DD49AB866E6 /* Pods-A202FBAu1.release.xcconfig */,
			);
			name = Pods;
			path = Pods;
			sourceTree = "<group>";
		};
		BAF5A54327E6C3BD00EEEE3C = {
			isa = PBXGroup;
			children = (
				BAF5A54E27E6C3BD00EEEE3C /* A202FBAu1 */,
				BAF5A54D27E6C3BD00EEEE3C /* Products */,
				6FB667CCF739E1355D95B77E /* Pods */,
				02FF4B9510891CF08F11D7F8 /* Frameworks */,
			);
			sourceTree = "<group>";
		};
		BAF5A54D27E6C3BD00EEEE3C /* Products */ = {
			isa = PBXGroup;
			children = (
				BAF5A54C27E6C3BD00EEEE3C /* A202FBAu1.app */,
			);
			name = Products;
			sourceTree = "<group>";
		};
		BAF5A54E27E6C3BD00EEEE3C /* A202FBAu1 */ = {
			isa = PBXGroup;
			children = (
				BAF5A54F27E6C3BD00EEEE3C /* AppDelegate.swift */,
				BAF5A55127E6C3BD00EEEE3C /* SceneDelegate.swift */,
				BAF5A55327E6C3BD00EEEE3C /* ViewController.swift */,
				BAF5A55527E6C3BD00EEEE3C /* Main.storyboard */,
				BAF5A56327E6C3CD00EEEE3C /* GoogleService-Info.plist */,
				BAF5A55827E6C3BD00EEEE3C /* Assets.xcassets */,
				BAF5A55A27E6C3BD00EEEE3C /* LaunchScreen.storyboard */,
				BAF5A55D27E6C3BD00EEEE3C /* Info.plist */,
			);
			path = A202FBAu1;
			sourceTree = "<group>";
		};
/* End PBXGroup section */

/* Begin PBXNativeTarget section */
		BAF5A54B27E6C3BD00EEEE3C /* A202FBAu1 */ = {
			isa = PBXNativeTarget;
			buildConfigurationList = BAF5A56027E6C3BD00EEEE3C /* Build configuration list for PBXNativeTarget "A202FBAu1" */;
			buildPhases = (
				76A2963DFADCC00C334EFFBE /* [CP] Check Pods Manifest.lock */,
				BAF5A54827E6C3BD00EEEE3C /* Sources */,
				BAF5A54927E6C3BD00EEEE3C /* Frameworks */,
				BAF5A54A27E6C3BD00EEEE3C /* Resources */,
				62AAE6D04EC209057F734206 /* [CP] Embed Pods Frameworks */,
			);
			buildRules = (
			);
			dependencies = (
			);
			name = A202FBAu1;
			productName = A202FBAu1;
			productReference = BAF5A54C27E6C3BD00EEEE3C /* A202FBAu1.app */;
			productType = "com.apple.product-type.application";
		};
/* End PBXNativeTarget section */

/* Begin PBXProject section */
		BAF5A54427E6C3BD00EEEE3C /* Project object */ = {
			isa = PBXProject;
			attributes = {
				BuildIndependentTargetsInParallel = 1;
				LastSwiftUpdateCheck = 1330;
				LastUpgradeCheck = 1330;
				TargetAttributes = {
					BAF5A54B27E6C3BD00EEEE3C = {
						CreatedOnToolsVersion = 13.3;
					};
				};
			};
			buildConfigurationList = BAF5A54727E6C3BD00EEEE3C /* Build configuration list for PBXProject "A202FBAu1" */;
			compatibilityVersion = "Xcode 13.0";
			developmentRegion = en;
			hasScannedForEncodings = 0;
			knownRegions = (
				en,
				Base,
			);
			mainGroup = BAF5A54327E6C3BD00EEEE3C;
			productRefGroup = BAF5A54D27E6C3BD00EEEE3C /* Products */;
			projectDirPath = "";
			projectRoot = "";
			targets = (
				BAF5A54B27E6C3BD00EEEE3C /* A202FBAu1 */,
			);
		};
/* End PBXProject section */

/* Begin PBXResourcesBuildPhase section */
		BAF5A54A27E6C3BD00EEEE3C /* Resources */ = {
			isa = PBXResourcesBuildPhase;
			buildActionMask = 2147483647;
			files = (
				BAF5A55C27E6C3BD00EEEE3C /* LaunchScreen.storyboard in Resources */,
				BAF5A56427E6C3CD00EEEE3C /* GoogleService-Info.plist in Resources */,
				BAF5A55927E6C3BD00EEEE3C /* Assets.xcassets in Resources */,
				BAF5A55727E6C3BD00EEEE3C /* Main.storyboard in Resources */,
			);
			runOnlyForDeploymentPostprocessing = 0;
		};
/* End PBXResourcesBuildPhase section */

/* Begin PBXShellScriptBuildPhase section */
		62AAE6D04EC209057F734206 /* [CP] Embed Pods Frameworks */ = {
			isa = PBXShellScriptBuildPhase;
			buildActionMask = 2147483647;
			files = (
			);
			inputFileListPaths = (
				"${PODS_ROOT}/Target Support Files/Pods-A202FBAu1/Pods-A202FBAu1-frameworks-${CONFIGURATION}-input-files.xcfilelist",
			);
			name = "[CP] Embed Pods Frameworks";
			outputFileListPaths = (
				"${PODS_ROOT}/Target Support Files/Pods-A202FBAu1/Pods-A202FBAu1-frameworks-${CONFIGURATION}-output-files.xcfilelist",
			);
			runOnlyForDeploymentPostprocessing = 0;
			shellPath = /bin/sh;
			shellScript = "\"${PODS_ROOT}/Target Support Files/Pods-A202FBAu1/Pods-A202FBAu1-frameworks.sh\"\n";
			showEnvVarsInLog = 0;
		};
		76A2963DFADCC00C334EFFBE /* [CP] Check Pods Manifest.lock */ = {
			isa = PBXShellScriptBuildPhase;
			buildActionMask = 2147483647;
			files = (
			);
			inputFileListPaths = (
			);
			inputPaths = (
				"${PODS_PODFILE_DIR_PATH}/Podfile.lock",
				"${PODS_ROOT}/Manifest.lock",
			);
			name = "[CP] Check Pods Manifest.lock";
			outputFileListPaths = (
			);
			outputPaths = (
				"$(DERIVED_FILE_DIR)/Pods-A202FBAu1-checkManifestLockResult.txt",
			);
			runOnlyForDeploymentPostprocessing = 0;
			shellPath = /bin/sh;
			shellScript = "diff \"${PODS_PODFILE_DIR_PATH}/Podfile.lock\" \"${PODS_ROOT}/Manifest.lock\" > /dev/null\nif [ $? != 0 ] ; then\n    # print error to STDERR\n    echo \"error: The sandbox is not in sync with the Podfile.lock. Run 'pod install' or update your CocoaPods installation.\" >&2\n    exit 1\nfi\n# This output is used by Xcode 'outputs' to avoid re-running this script phase.\necho \"SUCCESS\" > \"${SCRIPT_OUTPUT_FILE_0}\"\n";
			showEnvVarsInLog = 0;
		};
/* End PBXShellScriptBuildPhase section */

/* Begin PBXSourcesBuildPhase section */
		BAF5A54827E6C3BD00EEEE3C /* Sources */ = {
			isa = PBXSourcesBuildPhase;
			buildActionMask = 2147483647;
			files = (
				BAF5A55427E6C3BD00EEEE3C /* ViewController.swift in Sources */,
				BAF5A55027E6C3BD00EEEE3C /* AppDelegate.swift in Sources */,
				BAF5A55227E6C3BD00EEEE3C /* SceneDelegate.swift in Sources */,
			);
			runOnlyForDeploymentPostprocessing = 0;
		};
/* End PBXSourcesBuildPhase section */

/* Begin PBXVariantGroup section */
		BAF5A55527E6C3BD00EEEE3C /* Main.storyboard */ = {
			isa = PBXVariantGroup;
			children = (
				BAF5A55627E6C3BD00EEEE3C /* Base */,
			);
			name = Main.storyboard;
			sourceTree = "<group>";
		};
		BAF5A55A27E6C3BD00EEEE3C /* LaunchScreen.storyboard */ = {
			isa = PBXVariantGroup;
			children = (
				BAF5A55B27E6C3BD00EEEE3C /* Base */,
			);
			name = LaunchScreen.storyboard;
			sourceTree = "<group>";
		};
/* End PBXVariantGroup section */

/* Begin XCBuildConfiguration section */
		BAF5A55E27E6C3BD00EEEE3C /* Debug */ = {
			isa = XCBuildConfiguration;
			buildSettings = {
				ALWAYS_SEARCH_USER_PATHS = NO;
				CLANG_ANALYZER_NONNULL = YES;
				CLANG_ANALYZER_NUMBER_OBJECT_CONVERSION = YES_AGGRESSIVE;
				CLANG_CXX_LANGUAGE_STANDARD = "gnu++17";
				CLANG_ENABLE_MODULES = YES;
				CLANG_ENABLE_OBJC_ARC = YES;
				CLANG_ENABLE_OBJC_WEAK = YES;
				CLANG_WARN_BLOCK_CAPTURE_AUTORELEASING = YES;
				CLANG_WARN_BOOL_CONVERSION = YES;
				CLANG_WARN_COMMA = YES;
				CLANG_WARN_CONSTANT_CONVERSION = YES;
				CLANG_WARN_DEPRECATED_OBJC_IMPLEMENTATIONS = YES;
				CLANG_WARN_DIRECT_OBJC_ISA_USAGE = YES_ERROR;
				CLANG_WARN_DOCUMENTATION_COMMENTS = YES;
				CLANG_WARN_EMPTY_BODY = YES;
				CLANG_WARN_ENUM_CONVERSION = YES;
				CLANG_WARN_INFINITE_RECURSION = YES;
				CLANG_WARN_INT_CONVERSION = YES;
				CLANG_WARN_NON_LITERAL_NULL_CONVERSION = YES;
				CLANG_WARN_OBJC_IMPLICIT_RETAIN_SELF = YES;
				CLANG_WARN_OBJC_LITERAL_CONVERSION = YES;
				CLANG_WARN_OBJC_ROOT_CLASS = YES_ERROR;
				CLANG_WARN_QUOTED_INCLUDE_IN_FRAMEWORK_HEADER = YES;
				CLANG_WARN_RANGE_LOOP_ANALYSIS = YES;
				CLANG_WARN_STRICT_PROTOTYPES = YES;
				CLANG_WARN_SUSPICIOUS_MOVE = YES;
				CLANG_WARN_UNGUARDED_AVAILABILITY = YES_AGGRESSIVE;
				CLANG_WARN_UNREACHABLE_CODE = YES;
				CLANG_WARN__DUPLICATE_METHOD_MATCH = YES;
				COPY_PHASE_STRIP = NO;
				DEBUG_INFORMATION_FORMAT = dwarf;
				ENABLE_STRICT_OBJC_MSGSEND = YES;
				ENABLE_TESTABILITY = YES;
				GCC_C_LANGUAGE_STANDARD = gnu11;
				GCC_DYNAMIC_NO_PIC = NO;
				GCC_NO_COMMON_BLOCKS = YES;
				GCC_OPTIMIZATION_LEVEL = 0;
				GCC_PREPROCESSOR_DEFINITIONS = (
					"DEBUG=1",
					"$(inherited)",
				);
				GCC_WARN_64_TO_32_BIT_CONVERSION = YES;
				GCC_WARN_ABOUT_RETURN_TYPE = YES_ERROR;
				GCC_WARN_UNDECLARED_SELECTOR = YES;
				GCC_WARN_UNINITIALIZED_AUTOS = YES_AGGRESSIVE;
				GCC_WARN_UNUSED_FUNCTION = YES;
				GCC_WARN_UNUSED_VARIABLE = YES;
				IPHONEOS_DEPLOYMENT_TARGET = 15.4;
				MTL_ENABLE_DEBUG_INFO = INCLUDE_SOURCE;
				MTL_FAST_MATH = YES;
				ONLY_ACTIVE_ARCH = YES;
				SDKROOT = iphoneos;
				SWIFT_ACTIVE_COMPILATION_CONDITIONS = DEBUG;
				SWIFT_OPTIMIZATION_LEVEL = "-Onone";
			};
			name = Debug;
		};
		BAF5A55F27E6C3BD00EEEE3C /* Release */ = {
			isa = XCBuildConfiguration;
			buildSettings = {
				ALWAYS_SEARCH_USER_PATHS = NO;
				CLANG_ANALYZER_NONNULL = YES;
				CLANG_ANALYZER_NUMBER_OBJECT_CONVERSION = YES_AGGRESSIVE;
				CLANG_CXX_LANGUAGE_STANDARD = "gnu++17";
				CLANG_ENABLE_MODULES = YES;
				CLANG_ENABLE_OBJC_ARC = YES;
				CLANG_ENABLE_OBJC_WEAK = YES;
				CLANG_WARN_BLOCK_CAPTURE_AUTORELEASING = YES;
				CLANG_WARN_BOOL_CONVERSION = YES;
				CLANG_WARN_COMMA = YES;
				CLANG_WARN_CONSTANT_CONVERSION = YES;
				CLANG_WARN_DEPRECATED_OBJC_IMPLEMENTATIONS = YES;
				CLANG_WARN_DIRECT_OBJC_ISA_USAGE = YES_ERROR;
				CLANG_WARN_DOCUMENTATION_COMMENTS = YES;
				CLANG_WARN_EMPTY_BODY = YES;
				CLANG_WARN_ENUM_CONVERSION = YES;
				CLANG_WARN_INFINITE_RECURSION = YES;
				CLANG_WARN_INT_CONVERSION = YES;
				CLANG_WARN_NON_LITERAL_NULL_CONVERSION = YES;
				CLANG_WARN_OBJC_IMPLICIT_RETAIN_SELF = YES;
				CLANG_WARN_OBJC_LITERAL_CONVERSION = YES;
				CLANG_WARN_OBJC_ROOT_CLASS = YES_ERROR;
				CLANG_WARN_QUOTED_INCLUDE_IN_FRAMEWORK_HEADER = YES;
				CLANG_WARN_RANGE_LOOP_ANALYSIS = YES;
				CLANG_WARN_STRICT_PROTOTYPES = YES;
				CLANG_WARN_SUSPICIOUS_MOVE = YES;
				CLANG_WARN_UNGUARDED_AVAILABILITY = YES_AGGRESSIVE;
				CLANG_WARN_UNREACHABLE_CODE = YES;
				CLANG_WARN__DUPLICATE_METHOD_MATCH = YES;
				COPY_PHASE_STRIP = NO;
				DEBUG_INFORMATION_FORMAT = "dwarf-with-dsym";
				ENABLE_NS_ASSERTIONS = NO;
				ENABLE_STRICT_OBJC_MSGSEND = YES;
				GCC_C_LANGUAGE_STANDARD = gnu11;
				GCC_NO_COMMON_BLOCKS = YES;
				GCC_WARN_64_TO_32_BIT_CONVERSION = YES;
				GCC_WARN_ABOUT_RETURN_TYPE = YES_ERROR;
				GCC_WARN_UNDECLARED_SELECTOR = YES;
				GCC_WARN_UNINITIALIZED_AUTOS = YES_AGGRESSIVE;
				GCC_WARN_UNUSED_FUNCTION = YES;
				GCC_WARN_UNUSED_VARIABLE = YES;
				IPHONEOS_DEPLOYMENT_TARGET = 15.4;
				MTL_ENABLE_DEBUG_INFO = NO;
				MTL_FAST_MATH = YES;
				SDKROOT = iphoneos;
				SWIFT_COMPILATION_MODE = wholemodule;
				SWIFT_OPTIMIZATION_LEVEL = "-O";
				VALIDATE_PRODUCT = YES;
			};
			name = Release;
		};
		BAF5A56127E6C3BD00EEEE3C /* Debug */ = {
			isa = XCBuildConfiguration;
			baseConfigurationReference = 6162E660E65B97A60405BC1D /* Pods-A202FBAu1.debug.xcconfig */;
			buildSettings = {
				ASSETCATALOG_COMPILER_APPICON_NAME = AppIcon;
				ASSETCATALOG_COMPILER_GLOBAL_ACCENT_COLOR_NAME = AccentColor;
				CODE_SIGN_STYLE = Automatic;
				CURRENT_PROJECT_VERSION = 1;
				DEVELOPMENT_TEAM = XSVW22JPST;
				GENERATE_INFOPLIST_FILE = YES;
				INFOPLIST_FILE = A202FBAu1/Info.plist;
				INFOPLIST_KEY_UIApplicationSupportsIndirectInputEvents = YES;
				INFOPLIST_KEY_UILaunchStoryboardName = LaunchScreen;
				INFOPLIST_KEY_UIMainStoryboardFile = Main;
				INFOPLIST_KEY_UISupportedInterfaceOrientations_iPad = "UIInterfaceOrientationPortrait UIInterfaceOrientationPortraitUpsideDown UIInterfaceOrientationLandscapeLeft UIInterfaceOrientationLandscapeRight";
				INFOPLIST_KEY_UISupportedInterfaceOrientations_iPhone = "UIInterfaceOrientationPortrait UIInterfaceOrientationLandscapeLeft UIInterfaceOrientationLandscapeRight";
				LD_RUNPATH_SEARCH_PATHS = (
					"$(inherited)",
					"@executable_path/Frameworks",
				);
				MARKETING_VERSION = 1.0;
				PRODUCT_BUNDLE_IDENTIFIER = sjw.idv.A202FBAu1;
				PRODUCT_NAME = "$(TARGET_NAME)";
				SWIFT_EMIT_LOC_STRINGS = YES;
				SWIFT_VERSION = 5.0;
				TARGETED_DEVICE_FAMILY = "1,2";
			};
			name = Debug;
		};
		BAF5A56227E6C3BD00EEEE3C /* Release */ = {
			isa = XCBuildConfiguration;
			baseConfigurationReference = 7A6466AF4E859DD49AB866E6 /* Pods-A202FBAu1.release.xcconfig */;
			buildSettings = {
				ASSETCATALOG_COMPILER_APPICON_NAME = AppIcon;
				ASSETCATALOG_COMPILER_GLOBAL_ACCENT_COLOR_NAME = AccentColor;
				CODE_SIGN_STYLE = Automatic;
				CURRENT_PROJECT_VERSION = 1;
				DEVELOPMENT_TEAM = XSVW22JPST;
				GENERATE_INFOPLIST_FILE = YES;
				INFOPLIST_FILE = A202FBAu1/Info.plist;
				INFOPLIST_KEY_UIApplicationSupportsIndirectInputEvents = YES;
				INFOPLIST_KEY_UILaunchStoryboardName = LaunchScreen;
				INFOPLIST_KEY_UIMainStoryboardFile = Main;
				INFOPLIST_KEY_UISupportedInterfaceOrientations_iPad = "UIInterfaceOrientationPortrait UIInterfaceOrientationPortraitUpsideDown UIInterfaceOrientationLandscapeLeft UIInterfaceOrientationLandscapeRight";
				INFOPLIST_KEY_UISupportedInterfaceOrientations_iPhone = "UIInterfaceOrientationPortrait UIInterfaceOrientationLandscapeLeft UIInterfaceOrientationLandscapeRight";
				LD_RUNPATH_SEARCH_PATHS = (
					"$(inherited)",
					"@executable_path/Frameworks",
				);
				MARKETING_VERSION = 1.0;
				PRODUCT_BUNDLE_IDENTIFIER = sjw.idv.A202FBAu1;
				PRODUCT_NAME = "$(TARGET_NAME)";
				SWIFT_EMIT_LOC_STRINGS = YES;
				SWIFT_VERSION = 5.0;
				TARGETED_DEVICE_FAMILY = "1,2";
			};
			name = Release;
		};
/* End XCBuildConfiguration section */

/* Begin XCConfigurationList section */
		BAF5A54727E6C3BD00EEEE3C /* Build configuration list for PBXProject "A202FBAu1" */ = {
			isa = XCConfigurationList;
			buildConfigurations = (
				BAF5A55E27E6C3BD00EEEE3C /* Debug */,
				BAF5A55F27E6C3BD00EEEE3C /* Release */,
			);
			defaultConfigurationIsVisible = 0;
			defaultConfigurationName = Release;
		};
		BAF5A56027E6C3BD00EEEE3C /* Build configuration list for PBXNativeTarget "A202FBAu1" */ = {
			isa = XCConfigurationList;
			buildConfigurations = (
				BAF5A56127E6C3BD00EEEE3C /* Debug */,
				BAF5A56227E6C3BD00EEEE3C /* Release */,
			);
			defaultConfigurationIsVisible = 0;
			defaultConfigurationName = Release;
		};
/* End XCConfigurationList section */
	};
	rootObject = BAF5A54427E6C3BD00EEEE3C /* Project object */;
}
